
Microsoft Visual Studio Solution File, Format Version 12.00
# Visual Studio Version 17
VisualStudioVersion = 17.11.35327.3
MinimumVisualStudioVersion = 10.0.40219.1
Project("{FAE04EC0-301F-11D3-BF4B-00C04F79EFBC}") = "DependencyInjectionApp", "DependencyInjectionApp\DependencyInjectionApp.csproj", "{94738E7A-3104-4388-B00D-71EAB78435A8}"
EndProject
Global
	GlobalSection(SolutionConfigurationPlatforms) = preSolution
		Debug|Any CPU = Debug|Any CPU
		Release|Any CPU = Release|Any CPU
	EndGlobalSection
	GlobalSection(ProjectConfigurationPlatforms) = postSolution
		{94738E7A-3104-4388-B00D-71EAB78435A8}.Debug|Any CPU.ActiveCfg = Debug|Any CPU
		{94738E7A-3104-4388-B00D-71EAB78435A8}.Debug|Any CPU.Build.0 = Debug|Any CPU
		{94738E7A-3104-4388-B00D-71EAB78435A8}.Release|Any CPU.ActiveCfg = Release|Any CPU
		{94738E7A-3104-4388-B00D-71EAB78435A8}.Release|Any CPU.Build.0 = Release|Any CPU
	EndGlobalSection
	GlobalSection(SolutionProperties) = preSolution
		HideSolutionNode = FALSE
	EndGlobalSection
	GlobalSection(ExtensibilityGlobals) = postSolution
		SolutionGuid = {83497C3D-3AB1-492C-BD47-E0908587AD0D}
	EndGlobalSection
EndGlobal
